
Microsoft Visual Studio Solution File, Format Version 12.00
Project("{FAE04EC0-301F-11D3-BF4B-00C04F79EFBC}") = "bigint", "bigint\bigint.csproj", "{A1D02B47-1093-4329-9F49-F4A75484CC21}"
EndProject
Global
	GlobalSection(SolutionConfigurationPlatforms) = preSolution
		Debug|Any CPU = Debug|Any CPU
		Release|Any CPU = Release|Any CPU
	EndGlobalSection
	GlobalSection(ProjectConfigurationPlatforms) = postSolution
		{A1D02B47-1093-4329-9F49-F4A75484CC21}.Debug|Any CPU.ActiveCfg = Debug|Any CPU
		{A1D02B47-1093-4329-9F49-F4A75484CC21}.Debug|Any CPU.Build.0 = Debug|Any CPU
		{A1D02B47-1093-4329-9F49-F4A75484CC21}.Release|Any CPU.ActiveCfg = Release|Any CPU
		{A1D02B47-1093-4329-9F49-F4A75484CC21}.Release|Any CPU.Build.0 = Release|Any CPU
	EndGlobalSection
EndGlobal
